{
    "_meta": {
        "hash": {
            "sha256": "eb357bed3f42664c90f715adc4816b2f0fdf87db00a56d4691ac79eeb2b4d131"
        },
        "pipfile-spec": 6,
        "requires": {
            "python_version": "3.6"
        },
        "sources": [
            {
                "name": "pypi",
                "url": "https://pypi.org/simple",
                "verify_ssl": true
            }
        ]
    },
    "default": {
        "pyahocorasick": {
            "hashes": [
                "sha256:f9431a20e47e893cadd29f367825e882dbc6fc324a3c24c41e3ff9648e5d04b2"
            ],
            "index": "pypi",
            "version": "==1.4.0"
        }
    },
    "develop": {}
}
